
Microsoft Visual Studio Solution File, Format Version 12.00
# Visual Studio Version 17
VisualStudioVersion = 17.12.35323.107
MinimumVisualStudioVersion = 10.0.40219.1
Project("{FAE04EC0-301F-11D3-BF4B-00C04F79EFBC}") = "MainServer", "MainServer\MainServer.csproj", "{886C90D2-E970-4C60-BF55-75E4CC7568C0}"
EndProject
Project("{FAE04EC0-301F-11D3-BF4B-00C04F79EFBC}") = "Database", "Database\Database.csproj", "{6A2FDAD1-8D12-48CA-9F9D-68C5413BB843}"
EndProject
Project("{FAE04EC0-301F-11D3-BF4B-00C04F79EFBC}") = "Core", "Core\Core.csproj", "{FF165A0E-2893-4C09-8E47-3E23783DF636}"
EndProject
Project("{FAE04EC0-301F-11D3-BF4B-00C04F79EFBC}") = "AppBuilder", "AppBuilder\AppBuilder.csproj", "{BB486BAD-F07A-406D-AC8E-015B201B1A43}"
EndProject
Project("{FAE04EC0-301F-11D3-BF4B-00C04F79EFBC}") = "SemanticAnalysisComponent", "SemanticAnalysisComponent\SemanticAnalysisComponent.csproj", "{856E5119-5C48-4E8F-93FB-C4FAD8BBC29D}"
EndProject
Project("{FAE04EC0-301F-11D3-BF4B-00C04F79EFBC}") = "SemanticAnalysisComponentTests", "SemanticAnalysisComponentTests\SemanticAnalysisComponentTests.csproj", "{9DE25F80-B612-43E8-A4EB-AE3A32AA0551}"
EndProject
Project("{FAE04EC0-301F-11D3-BF4B-00C04F79EFBC}") = "CallComponent", "CallComponent\CallComponent.csproj", "{CD744C0A-DB94-4EE2-BC82-20AB01666682}"
EndProject
Project("{888888A0-9F3D-457C-B088-3A5042F75D52}") = "TranscriptionServer", "TranscriptionServer\TranscriptionServer.pyproj", "{A0013FF7-DA75-4A01-AE15-93D93CB8B618}"
EndProject
Project("{FAE04EC0-301F-11D3-BF4B-00C04F79EFBC}") = "TopicComponent", "TopicComponent\TopicComponent.csproj", "{5FAFE17C-AC8D-4280-8C39-38D524FD4066}"
EndProject
Project("{FAE04EC0-301F-11D3-BF4B-00C04F79EFBC}") = "TopicComponentTests", "TopicComponentTests\TopicComponentTests.csproj", "{B8BDB4DD-6901-4FD7-9B73-DF7456873021}"
EndProject
Project("{FAE04EC0-301F-11D3-BF4B-00C04F79EFBC}") = "CallComponentTests", "CallComponentTests\CallComponentTests.csproj", "{E2A1A9C5-E45C-4DA7-B0D3-FBA2E88BA719}"
EndProject
Project("{2150E333-8FDC-42A3-9474-1A3956D46DE8}") = "Solution Items", "Solution Items", "{F5BAFA02-6562-4E6A-AE19-9F1B83958C28}"
	ProjectSection(SolutionItems) = preProject
		.dockerignore = .dockerignore
		AudioExample.m4a = AudioExample.m4a
		compose.yaml = compose.yaml
		README.md = README.md
		Requirements.txt = Requirements.txt
	EndProjectSection
EndProject
Global
	GlobalSection(SolutionConfigurationPlatforms) = preSolution
		Debug|Any CPU = Debug|Any CPU
		Release|Any CPU = Release|Any CPU
	EndGlobalSection
	GlobalSection(ProjectConfigurationPlatforms) = postSolution
		{886C90D2-E970-4C60-BF55-75E4CC7568C0}.Debug|Any CPU.ActiveCfg = Debug|Any CPU
		{886C90D2-E970-4C60-BF55-75E4CC7568C0}.Debug|Any CPU.Build.0 = Debug|Any CPU
		{886C90D2-E970-4C60-BF55-75E4CC7568C0}.Release|Any CPU.ActiveCfg = Release|Any CPU
		{886C90D2-E970-4C60-BF55-75E4CC7568C0}.Release|Any CPU.Build.0 = Release|Any CPU
		{6A2FDAD1-8D12-48CA-9F9D-68C5413BB843}.Debug|Any CPU.ActiveCfg = Debug|Any CPU
		{6A2FDAD1-8D12-48CA-9F9D-68C5413BB843}.Debug|Any CPU.Build.0 = Debug|Any CPU
		{6A2FDAD1-8D12-48CA-9F9D-68C5413BB843}.Release|Any CPU.ActiveCfg = Release|Any CPU
		{6A2FDAD1-8D12-48CA-9F9D-68C5413BB843}.Release|Any CPU.Build.0 = Release|Any CPU
		{FF165A0E-2893-4C09-8E47-3E23783DF636}.Debug|Any CPU.ActiveCfg = Debug|Any CPU
		{FF165A0E-2893-4C09-8E47-3E23783DF636}.Debug|Any CPU.Build.0 = Debug|Any CPU
		{FF165A0E-2893-4C09-8E47-3E23783DF636}.Release|Any CPU.ActiveCfg = Release|Any CPU
		{FF165A0E-2893-4C09-8E47-3E23783DF636}.Release|Any CPU.Build.0 = Release|Any CPU
		{BB486BAD-F07A-406D-AC8E-015B201B1A43}.Debug|Any CPU.ActiveCfg = Debug|Any CPU
		{BB486BAD-F07A-406D-AC8E-015B201B1A43}.Debug|Any CPU.Build.0 = Debug|Any CPU
		{BB486BAD-F07A-406D-AC8E-015B201B1A43}.Release|Any CPU.ActiveCfg = Release|Any CPU
		{BB486BAD-F07A-406D-AC8E-015B201B1A43}.Release|Any CPU.Build.0 = Release|Any CPU
		{856E5119-5C48-4E8F-93FB-C4FAD8BBC29D}.Debug|Any CPU.ActiveCfg = Debug|Any CPU
		{856E5119-5C48-4E8F-93FB-C4FAD8BBC29D}.Debug|Any CPU.Build.0 = Debug|Any CPU
		{856E5119-5C48-4E8F-93FB-C4FAD8BBC29D}.Release|Any CPU.ActiveCfg = Release|Any CPU
		{856E5119-5C48-4E8F-93FB-C4FAD8BBC29D}.Release|Any CPU.Build.0 = Release|Any CPU
		{9DE25F80-B612-43E8-A4EB-AE3A32AA0551}.Debug|Any CPU.ActiveCfg = Debug|Any CPU
		{9DE25F80-B612-43E8-A4EB-AE3A32AA0551}.Debug|Any CPU.Build.0 = Debug|Any CPU
		{9DE25F80-B612-43E8-A4EB-AE3A32AA0551}.Release|Any CPU.ActiveCfg = Release|Any CPU
		{9DE25F80-B612-43E8-A4EB-AE3A32AA0551}.Release|Any CPU.Build.0 = Release|Any CPU
		{CD744C0A-DB94-4EE2-BC82-20AB01666682}.Debug|Any CPU.ActiveCfg = Debug|Any CPU
		{CD744C0A-DB94-4EE2-BC82-20AB01666682}.Debug|Any CPU.Build.0 = Debug|Any CPU
		{CD744C0A-DB94-4EE2-BC82-20AB01666682}.Release|Any CPU.ActiveCfg = Release|Any CPU
		{CD744C0A-DB94-4EE2-BC82-20AB01666682}.Release|Any CPU.Build.0 = Release|Any CPU
		{A0013FF7-DA75-4A01-AE15-93D93CB8B618}.Debug|Any CPU.ActiveCfg = Debug|Any CPU
		{A0013FF7-DA75-4A01-AE15-93D93CB8B618}.Release|Any CPU.ActiveCfg = Release|Any CPU
		{5FAFE17C-AC8D-4280-8C39-38D524FD4066}.Debug|Any CPU.ActiveCfg = Debug|Any CPU
		{5FAFE17C-AC8D-4280-8C39-38D524FD4066}.Debug|Any CPU.Build.0 = Debug|Any CPU
		{5FAFE17C-AC8D-4280-8C39-38D524FD4066}.Release|Any CPU.ActiveCfg = Release|Any CPU
		{5FAFE17C-AC8D-4280-8C39-38D524FD4066}.Release|Any CPU.Build.0 = Release|Any CPU
		{B8BDB4DD-6901-4FD7-9B73-DF7456873021}.Debug|Any CPU.ActiveCfg = Debug|Any CPU
		{B8BDB4DD-6901-4FD7-9B73-DF7456873021}.Debug|Any CPU.Build.0 = Debug|Any CPU
		{B8BDB4DD-6901-4FD7-9B73-DF7456873021}.Release|Any CPU.ActiveCfg = Release|Any CPU
		{B8BDB4DD-6901-4FD7-9B73-DF7456873021}.Release|Any CPU.Build.0 = Release|Any CPU
		{E2A1A9C5-E45C-4DA7-B0D3-FBA2E88BA719}.Debug|Any CPU.ActiveCfg = Debug|Any CPU
		{E2A1A9C5-E45C-4DA7-B0D3-FBA2E88BA719}.Debug|Any CPU.Build.0 = Debug|Any CPU
		{E2A1A9C5-E45C-4DA7-B0D3-FBA2E88BA719}.Release|Any CPU.ActiveCfg = Release|Any CPU
		{E2A1A9C5-E45C-4DA7-B0D3-FBA2E88BA719}.Release|Any CPU.Build.0 = Release|Any CPU
	EndGlobalSection
	GlobalSection(SolutionProperties) = preSolution
		HideSolutionNode = FALSE
	EndGlobalSection
	GlobalSection(ExtensibilityGlobals) = postSolution
		SolutionGuid = {1A18C00F-4271-4B34-B6F4-6D3BE29426EC}
	EndGlobalSection
EndGlobal
